// !$*UTF8*$!
{
	archiveVersion = 1;
	classes = {
	};
	objectVersion = 46;
	objects = {

/* Begin PBXBuildFile section */
		E20D01EA1AB058040040F34B /* plane0.mp4 in Resources */ = {isa = PBXBuildFile; fileRef = E20D01E71AB054DD0040F34B /* plane0.mp4 */; };
		E20D01EB1AB058040040F34B /* plane1.mp4 in Resources */ = {isa = PBXBuildFile; fileRef = E20D01E81AB054DD0040F34B /* plane1.mp4 */; };
		E20D01EC1AB058040040F34B /* plane2.mp4 in Resources */ = {isa = PBXBuildFile; fileRef = E20D01E91AB054DD0040F34B /* plane2.mp4 */; };
		E21991D61AAF452300C71510 /* RootViewController.m in Sources */ = {isa = PBXBuildFile; fileRef = E21991D51AAF452300C71510 /* RootViewController.m */; };
		E22994F81AAE0B56007056C4 /* story1.json in Resources */ = {isa = PBXBuildFile; fileRef = E22994F71AAE0B56007056C4 /* story1.json */; };
		E22994FB1AAE0C51007056C4 /* caption.m in Sources */ = {isa = PBXBuildFile; fileRef = E22994FA1AAE0C51007056C4 /* caption.m */; };
		E2DFF7DA1AAF577500C1F5A4 /* story2.json in Resources */ = {isa = PBXBuildFile; fileRef = E2DFF7D91AAF577500C1F5A4 /* story2.json */; };
		E2E0F9D31AA0F86600CDAEB0 /* main.m in Sources */ = {isa = PBXBuildFile; fileRef = E2E0F9D21AA0F86600CDAEB0 /* main.m */; };
		E2E0F9D61AA0F86600CDAEB0 /* AppDelegate.m in Sources */ = {isa = PBXBuildFile; fileRef = E2E0F9D51AA0F86600CDAEB0 /* AppDelegate.m */; };
		E2E0F9D91AA0F86600CDAEB0 /* ViewController.m in Sources */ = {isa = PBXBuildFile; fileRef = E2E0F9D81AA0F86600CDAEB0 /* ViewController.m */; };
		E2E0F9DC1AA0F86600CDAEB0 /* Main.storyboard in Resources */ = {isa = PBXBuildFile; fileRef = E2E0F9DA1AA0F86600CDAEB0 /* Main.storyboard */; };
		E2E0F9DE1AA0F86600CDAEB0 /* Images.xcassets in Resources */ = {isa = PBXBuildFile; fileRef = E2E0F9DD1AA0F86600CDAEB0 /* Images.xcassets */; };
		E2E0F9E11AA0F86700CDAEB0 /* LaunchScreen.xib in Resources */ = {isa = PBXBuildFile; fileRef = E2E0F9DF1AA0F86700CDAEB0 /* LaunchScreen.xib */; };
		E2E0F9ED1AA0F86700CDAEB0 /* vidproto2Tests.m in Sources */ = {isa = PBXBuildFile; fileRef = E2E0F9EC1AA0F86700CDAEB0 /* vidproto2Tests.m */; };
		E2E5AA401AAA197E0085647A /* StoryModel.m in Sources */ = {isa = PBXBuildFile; fileRef = E2E5AA3F1AAA197E0085647A /* StoryModel.m */; };
/* End PBXBuildFile section */

/* Begin PBXContainerItemProxy section */
		E2E0F9E71AA0F86700CDAEB0 /* PBXContainerItemProxy */ = {
			isa = PBXContainerItemProxy;
			containerPortal = E2E0F9C51AA0F86600CDAEB0 /* Project object */;
			proxyType = 1;
			remoteGlobalIDString = E2E0F9CC1AA0F86600CDAEB0;
			remoteInfo = vidproto2;
		};
/* End PBXContainerItemProxy section */

/* Begin PBXFileReference section */
		E20D01E71AB054DD0040F34B /* plane0.mp4 */ = {isa = PBXFileReference; lastKnownFileType = file; path = plane0.mp4; sourceTree = "<group>"; };
		E20D01E81AB054DD0040F34B /* plane1.mp4 */ = {isa = PBXFileReference; lastKnownFileType = file; path = plane1.mp4; sourceTree = "<group>"; };
		E20D01E91AB054DD0040F34B /* plane2.mp4 */ = {isa = PBXFileReference; lastKnownFileType = file; path = plane2.mp4; sourceTree = "<group>"; };
		E21991D41AAF452300C71510 /* RootViewController.h */ = {isa = PBXFileReference; fileEncoding = 4; lastKnownFileType = sourcecode.c.h; path = RootViewController.h; sourceTree = "<group>"; };
		E21991D51AAF452300C71510 /* RootViewController.m */ = {isa = PBXFileReference; fileEncoding = 4; lastKnownFileType = sourcecode.c.objc; path = RootViewController.m; sourceTree = "<group>"; };
		E22994F71AAE0B56007056C4 /* story1.json */ = {isa = PBXFileReference; fileEncoding = 4; lastKnownFileType = text.json; path = story1.json; sourceTree = "<group>"; };
		E22994F91AAE0C51007056C4 /* caption.h */ = {isa = PBXFileReference; fileEncoding = 4; lastKnownFileType = sourcecode.c.h; path = caption.h; sourceTree = "<group>"; };
		E22994FA1AAE0C51007056C4 /* caption.m */ = {isa = PBXFileReference; fileEncoding = 4; lastKnownFileType = sourcecode.c.objc; path = caption.m; sourceTree = "<group>"; };
		E2DFF7D91AAF577500C1F5A4 /* story2.json */ = {isa = PBXFileReference; fileEncoding = 4; lastKnownFileType = text.json; path = story2.json; sourceTree = "<group>"; };
		E2E0F9CD1AA0F86600CDAEB0 /* vidproto2.app */ = {isa = PBXFileReference; explicitFileType = wrapper.application; includeInIndex = 0; path = vidproto2.app; sourceTree = BUILT_PRODUCTS_DIR; };
		E2E0F9D11AA0F86600CDAEB0 /* Info.plist */ = {isa = PBXFileReference; lastKnownFileType = text.plist.xml; path = Info.plist; sourceTree = "<group>"; };
		E2E0F9D21AA0F86600CDAEB0 /* main.m */ = {isa = PBXFileReference; lastKnownFileType = sourcecode.c.objc; path = main.m; sourceTree = "<group>"; };
		E2E0F9D41AA0F86600CDAEB0 /* AppDelegate.h */ = {isa = PBXFileReference; lastKnownFileType = sourcecode.c.h; path = AppDelegate.h; sourceTree = "<group>"; };
		E2E0F9D51AA0F86600CDAEB0 /* AppDelegate.m */ = {isa = PBXFileReference; lastKnownFileType = sourcecode.c.objc; path = AppDelegate.m; sourceTree = "<group>"; };
		E2E0F9D71AA0F86600CDAEB0 /* ViewController.h */ = {isa = PBXFileReference; lastKnownFileType = sourcecode.c.h; path = ViewController.h; sourceTree = "<group>"; };
		E2E0F9D81AA0F86600CDAEB0 /* ViewController.m */ = {isa = PBXFileReference; lastKnownFileType = sourcecode.c.objc; path = ViewController.m; sourceTree = "<group>"; };
		E2E0F9DB1AA0F86600CDAEB0 /* Base */ = {isa = PBXFileReference; lastKnownFileType = file.storyboard; name = Base; path = Base.lproj/Main.storyboard; sourceTree = "<group>"; };
		E2E0F9DD1AA0F86600CDAEB0 /* Images.xcassets */ = {isa = PBXFileReference; lastKnownFileType = folder.assetcatalog; path = Images.xcassets; sourceTree = "<group>"; };
		E2E0F9E01AA0F86700CDAEB0 /* Base */ = {isa = PBXFileReference; lastKnownFileType = file.xib; name = Base; path = Base.lproj/LaunchScreen.xib; sourceTree = "<group>"; };
		E2E0F9E61AA0F86700CDAEB0 /* vidproto2Tests.xctest */ = {isa = PBXFileReference; explicitFileType = wrapper.cfbundle; includeInIndex = 0; path = vidproto2Tests.xctest; sourceTree = BUILT_PRODUCTS_DIR; };
		E2E0F9EB1AA0F86700CDAEB0 /* Info.plist */ = {isa = PBXFileReference; lastKnownFileType = text.plist.xml; path = Info.plist; sourceTree = "<group>"; };
		E2E0F9EC1AA0F86700CDAEB0 /* vidproto2Tests.m */ = {isa = PBXFileReference; lastKnownFileType = sourcecode.c.objc; path = vidproto2Tests.m; sourceTree = "<group>"; };
		E2E5AA3E1AAA197E0085647A /* StoryModel.h */ = {isa = PBXFileReference; fileEncoding = 4; lastKnownFileType = sourcecode.c.h; path = StoryModel.h; sourceTree = "<group>"; };
		E2E5AA3F1AAA197E0085647A /* StoryModel.m */ = {isa = PBXFileReference; fileEncoding = 4; lastKnownFileType = sourcecode.c.objc; path = StoryModel.m; sourceTree = "<group>"; };
/* End PBXFileReference section */

/* Begin PBXFrameworksBuildPhase section */
		E2E0F9CA1AA0F86600CDAEB0 /* Frameworks */ = {
			isa = PBXFrameworksBuildPhase;
			buildActionMask = 2147483647;
			files = (
			);
			runOnlyForDeploymentPostprocessing = 0;
		};
		E2E0F9E31AA0F86700CDAEB0 /* Frameworks */ = {
			isa = PBXFrameworksBuildPhase;
			buildActionMask = 2147483647;
			files = (
			);
			runOnlyForDeploymentPostprocessing = 0;
		};
/* End PBXFrameworksBuildPhase section */

/* Begin PBXGroup section */
		E2E0F9C41AA0F86600CDAEB0 = {
			isa = PBXGroup;
			children = (
				E2E0F9CF1AA0F86600CDAEB0 /* vidproto2 */,
				E2E0F9E91AA0F86700CDAEB0 /* vidproto2Tests */,
				E2E0F9CE1AA0F86600CDAEB0 /* Products */,
			);
			sourceTree = "<group>";
		};
		E2E0F9CE1AA0F86600CDAEB0 /* Products */ = {
			isa = PBXGroup;
			children = (
				E2E0F9CD1AA0F86600CDAEB0 /* vidproto2.app */,
				E2E0F9E61AA0F86700CDAEB0 /* vidproto2Tests.xctest */,
			);
			name = Products;
			sourceTree = "<group>";
		};
		E2E0F9CF1AA0F86600CDAEB0 /* vidproto2 */ = {
			isa = PBXGroup;
			children = (
				E2E0F9F61AA13D1B00CDAEB0 /* Resources */,
				E2E0F9D41AA0F86600CDAEB0 /* AppDelegate.h */,
				E2E0F9D51AA0F86600CDAEB0 /* AppDelegate.m */,
				E2E0F9D71AA0F86600CDAEB0 /* ViewController.h */,
				E21991D41AAF452300C71510 /* RootViewController.h */,
				E21991D51AAF452300C71510 /* RootViewController.m */,
				E2E0F9D81AA0F86600CDAEB0 /* ViewController.m */,
				E2E5AA3E1AAA197E0085647A /* StoryModel.h */,
				E2E5AA3F1AAA197E0085647A /* StoryModel.m */,
				E22994F91AAE0C51007056C4 /* caption.h */,
				E22994FA1AAE0C51007056C4 /* caption.m */,
				E22994F71AAE0B56007056C4 /* story1.json */,
				E2DFF7D91AAF577500C1F5A4 /* story2.json */,
				E2E0F9DA1AA0F86600CDAEB0 /* Main.storyboard */,
				E2E0F9DD1AA0F86600CDAEB0 /* Images.xcassets */,
				E2E0F9DF1AA0F86700CDAEB0 /* LaunchScreen.xib */,
				E2E0F9D01AA0F86600CDAEB0 /* Supporting Files */,
			);
			path = vidproto2;
			sourceTree = "<group>";
		};
		E2E0F9D01AA0F86600CDAEB0 /* Supporting Files */ = {
			isa = PBXGroup;
			children = (
				E2E0F9D11AA0F86600CDAEB0 /* Info.plist */,
				E2E0F9D21AA0F86600CDAEB0 /* main.m */,
			);
			name = "Supporting Files";
			sourceTree = "<group>";
		};
		E2E0F9E91AA0F86700CDAEB0 /* vidproto2Tests */ = {
			isa = PBXGroup;
			children = (
				E2E0F9EC1AA0F86700CDAEB0 /* vidproto2Tests.m */,
				E2E0F9EA1AA0F86700CDAEB0 /* Supporting Files */,
			);
			path = vidproto2Tests;
			sourceTree = "<group>";
		};
		E2E0F9EA1AA0F86700CDAEB0 /* Supporting Files */ = {
			isa = PBXGroup;
			children = (
				E2E0F9EB1AA0F86700CDAEB0 /* Info.plist */,
			);
			name = "Supporting Files";
			sourceTree = "<group>";
		};
		E2E0F9F61AA13D1B00CDAEB0 /* Resources */ = {
			isa = PBXGroup;
			children = (
				E20D01E71AB054DD0040F34B /* plane0.mp4 */,
				E20D01E81AB054DD0040F34B /* plane1.mp4 */,
				E20D01E91AB054DD0040F34B /* plane2.mp4 */,
			);
			name = Resources;
			sourceTree = "<group>";
		};
/* End PBXGroup section */

/* Begin PBXNativeTarget section */
		E2E0F9CC1AA0F86600CDAEB0 /* vidproto2 */ = {
			isa = PBXNativeTarget;
			buildConfigurationList = E2E0F9F01AA0F86700CDAEB0 /* Build configuration list for PBXNativeTarget "vidproto2" */;
			buildPhases = (
				E2E0F9C91AA0F86600CDAEB0 /* Sources */,
				E2E0F9CA1AA0F86600CDAEB0 /* Frameworks */,
				E2E0F9CB1AA0F86600CDAEB0 /* Resources */,
			);
			buildRules = (
			);
			dependencies = (
			);
			name = vidproto2;
			productName = vidproto2;
			productReference = E2E0F9CD1AA0F86600CDAEB0 /* vidproto2.app */;
			productType = "com.apple.product-type.application";
		};
		E2E0F9E51AA0F86700CDAEB0 /* vidproto2Tests */ = {
			isa = PBXNativeTarget;
			buildConfigurationList = E2E0F9F31AA0F86700CDAEB0 /* Build configuration list for PBXNativeTarget "vidproto2Tests" */;
			buildPhases = (
				E2E0F9E21AA0F86700CDAEB0 /* Sources */,
				E2E0F9E31AA0F86700CDAEB0 /* Frameworks */,
				E2E0F9E41AA0F86700CDAEB0 /* Resources */,
			);
			buildRules = (
			);
			dependencies = (
				E2E0F9E81AA0F86700CDAEB0 /* PBXTargetDependency */,
			);
			name = vidproto2Tests;
			productName = vidproto2Tests;
			productReference = E2E0F9E61AA0F86700CDAEB0 /* vidproto2Tests.xctest */;
			productType = "com.apple.product-type.bundle.unit-test";
		};
/* End PBXNativeTarget section */

/* Begin PBXProject section */
		E2E0F9C51AA0F86600CDAEB0 /* Project object */ = {
			isa = PBXProject;
			attributes = {
				LastUpgradeCheck = 0610;
				ORGANIZATIONNAME = "Tom Howe";
				TargetAttributes = {
					E2E0F9CC1AA0F86600CDAEB0 = {
						CreatedOnToolsVersion = 6.1.1;
					};
					E2E0F9E51AA0F86700CDAEB0 = {
						CreatedOnToolsVersion = 6.1.1;
						TestTargetID = E2E0F9CC1AA0F86600CDAEB0;
					};
				};
			};
			buildConfigurationList = E2E0F9C81AA0F86600CDAEB0 /* Build configuration list for PBXProject "vidproto2" */;
			compatibilityVersion = "Xcode 3.2";
			developmentRegion = English;
			hasScannedForEncodings = 0;
			knownRegions = (
				en,
				Base,
			);
			mainGroup = E2E0F9C41AA0F86600CDAEB0;
			productRefGroup = E2E0F9CE1AA0F86600CDAEB0 /* Products */;
			projectDirPath = "";
			projectRoot = "";
			targets = (
				E2E0F9CC1AA0F86600CDAEB0 /* vidproto2 */,
				E2E0F9E51AA0F86700CDAEB0 /* vidproto2Tests */,
			);
		};
/* End PBXProject section */

/* Begin PBXResourcesBuildPhase section */
		E2E0F9CB1AA0F86600CDAEB0 /* Resources */ = {
			isa = PBXResourcesBuildPhase;
			buildActionMask = 2147483647;
			files = (
				E20D01EA1AB058040040F34B /* plane0.mp4 in Resources */,
				E20D01EB1AB058040040F34B /* plane1.mp4 in Resources */,
				E20D01EC1AB058040040F34B /* plane2.mp4 in Resources */,
				E2E0F9DC1AA0F86600CDAEB0 /* Main.storyboard in Resources */,
				E22994F81AAE0B56007056C4 /* story1.json in Resources */,
				E2E0F9E11AA0F86700CDAEB0 /* LaunchScreen.xib in Resources */,
				E2DFF7DA1AAF577500C1F5A4 /* story2.json in Resources */,
				E2E0F9DE1AA0F86600CDAEB0 /* Images.xcassets in Resources */,
			);
			runOnlyForDeploymentPostprocessing = 0;
		};
		E2E0F9E41AA0F86700CDAEB0 /* Resources */ = {
			isa = PBXResourcesBuildPhase;
			buildActionMask = 2147483647;
			files = (
			);
			runOnlyForDeploymentPostprocessing = 0;
		};
/* End PBXResourcesBuildPhase section */

/* Begin PBXSourcesBuildPhase section */
		E2E0F9C91AA0F86600CDAEB0 /* Sources */ = {
			isa = PBXSourcesBuildPhase;
			buildActionMask = 2147483647;
			files = (
				E2E0F9D91AA0F86600CDAEB0 /* ViewController.m in Sources */,
				E22994FB1AAE0C51007056C4 /* caption.m in Sources */,
				E21991D61AAF452300C71510 /* RootViewController.m in Sources */,
				E2E5AA401AAA197E0085647A /* StoryModel.m in Sources */,
				E2E0F9D61AA0F86600CDAEB0 /* AppDelegate.m in Sources */,
				E2E0F9D31AA0F86600CDAEB0 /* main.m in Sources */,
			);
			runOnlyForDeploymentPostprocessing = 0;
		};
		E2E0F9E21AA0F86700CDAEB0 /* Sources */ = {
			isa = PBXSourcesBuildPhase;
			buildActionMask = 2147483647;
			files = (
				E2E0F9ED1AA0F86700CDAEB0 /* vidproto2Tests.m in Sources */,
			);
			runOnlyForDeploymentPostprocessing = 0;
		};
/* End PBXSourcesBuildPhase section */

/* Begin PBXTargetDependency section */
		E2E0F9E81AA0F86700CDAEB0 /* PBXTargetDependency */ = {
			isa = PBXTargetDependency;
			target = E2E0F9CC1AA0F86600CDAEB0 /* vidproto2 */;
			targetProxy = E2E0F9E71AA0F86700CDAEB0 /* PBXContainerItemProxy */;
		};
/* End PBXTargetDependency section */

/* Begin PBXVariantGroup section */
		E2E0F9DA1AA0F86600CDAEB0 /* Main.storyboard */ = {
			isa = PBXVariantGroup;
			children = (
				E2E0F9DB1AA0F86600CDAEB0 /* Base */,
			);
			name = Main.storyboard;
			sourceTree = "<group>";
		};
		E2E0F9DF1AA0F86700CDAEB0 /* LaunchScreen.xib */ = {
			isa = PBXVariantGroup;
			children = (
				E2E0F9E01AA0F86700CDAEB0 /* Base */,
			);
			name = LaunchScreen.xib;
			sourceTree = "<group>";
		};
/* End PBXVariantGroup section */

/* Begin XCBuildConfiguration section */
		E2E0F9EE1AA0F86700CDAEB0 /* Debug */ = {
			isa = XCBuildConfiguration;
			buildSettings = {
				ALWAYS_SEARCH_USER_PATHS = NO;
				CLANG_CXX_LANGUAGE_STANDARD = "gnu++0x";
				CLANG_CXX_LIBRARY = "libc++";
				CLANG_ENABLE_MODULES = YES;
				CLANG_ENABLE_OBJC_ARC = YES;
				CLANG_WARN_BOOL_CONVERSION = YES;
				CLANG_WARN_CONSTANT_CONVERSION = YES;
				CLANG_WARN_DIRECT_OBJC_ISA_USAGE = YES_ERROR;
				CLANG_WARN_EMPTY_BODY = YES;
				CLANG_WARN_ENUM_CONVERSION = YES;
				CLANG_WARN_INT_CONVERSION = YES;
				CLANG_WARN_OBJC_ROOT_CLASS = YES_ERROR;
				CLANG_WARN_UNREACHABLE_CODE = YES;
				CLANG_WARN__DUPLICATE_METHOD_MATCH = YES;
				"CODE_SIGN_IDENTITY[sdk=iphoneos*]" = "iPhone Developer";
				COPY_PHASE_STRIP = NO;
				ENABLE_STRICT_OBJC_MSGSEND = YES;
				GCC_C_LANGUAGE_STANDARD = gnu99;
				GCC_DYNAMIC_NO_PIC = NO;
				GCC_OPTIMIZATION_LEVEL = 0;
				GCC_PREPROCESSOR_DEFINITIONS = (
					"DEBUG=1",
					"$(inherited)",
				);
				GCC_SYMBOLS_PRIVATE_EXTERN = NO;
				GCC_WARN_64_TO_32_BIT_CONVERSION = YES;
				GCC_WARN_ABOUT_RETURN_TYPE = YES_ERROR;
				GCC_WARN_UNDECLARED_SELECTOR = YES;
				GCC_WARN_UNINITIALIZED_AUTOS = YES_AGGRESSIVE;
				GCC_WARN_UNUSED_FUNCTION = YES;
				GCC_WARN_UNUSED_VARIABLE = YES;
				IPHONEOS_DEPLOYMENT_TARGET = 8.1;
				MTL_ENABLE_DEBUG_INFO = YES;
				ONLY_ACTIVE_ARCH = YES;
				SDKROOT = iphoneos;
			};
			name = Debug;
		};
		E2E0F9EF1AA0F86700CDAEB0 /* Release */ = {
			isa = XCBuildConfiguration;
			buildSettings = {
				ALWAYS_SEARCH_USER_PATHS = NO;
				CLANG_CXX_LANGUAGE_STANDARD = "gnu++0x";
				CLANG_CXX_LIBRARY = "libc++";
				CLANG_ENABLE_MODULES = YES;
				CLANG_ENABLE_OBJC_ARC = YES;
				CLANG_WARN_BOOL_CONVERSION = YES;
				CLANG_WARN_CONSTANT_CONVERSION = YES;
				CLANG_WARN_DIRECT_OBJC_ISA_USAGE = YES_ERROR;
				CLANG_WARN_EMPTY_BODY = YES;
				CLANG_WARN_ENUM_CONVERSION = YES;
				CLANG_WARN_INT_CONVERSION = YES;
				CLANG_WARN_OBJC_ROOT_CLASS = YES_ERROR;
				CLANG_WARN_UNREACHABLE_CODE = YES;
				CLANG_WARN__DUPLICATE_METHOD_MATCH = YES;
				"CODE_SIGN_IDENTITY[sdk=iphoneos*]" = "iPhone Developer";
				COPY_PHASE_STRIP = YES;
				ENABLE_NS_ASSERTIONS = NO;
				ENABLE_STRICT_OBJC_MSGSEND = YES;
				GCC_C_LANGUAGE_STANDARD = gnu99;
				GCC_WARN_64_TO_32_BIT_CONVERSION = YES;
				GCC_WARN_ABOUT_RETURN_TYPE = YES_ERROR;
				GCC_WARN_UNDECLARED_SELECTOR = YES;
				GCC_WARN_UNINITIALIZED_AUTOS = YES_AGGRESSIVE;
				GCC_WARN_UNUSED_FUNCTION = YES;
				GCC_WARN_UNUSED_VARIABLE = YES;
				IPHONEOS_DEPLOYMENT_TARGET = 8.1;
				MTL_ENABLE_DEBUG_INFO = NO;
				SDKROOT = iphoneos;
				VALIDATE_PRODUCT = YES;
			};
			name = Release;
		};
		E2E0F9F11AA0F86700CDAEB0 /* Debug */ = {
			isa = XCBuildConfiguration;
			buildSettings = {
				ASSETCATALOG_COMPILER_APPICON_NAME = AppIcon;
				INFOPLIST_FILE = vidproto2/Info.plist;
				LD_RUNPATH_SEARCH_PATHS = "$(inherited) @executable_path/Frameworks";
				PRODUCT_NAME = "$(TARGET_NAME)";
			};
			name = Debug;
		};
		E2E0F9F21AA0F86700CDAEB0 /* Release */ = {
			isa = XCBuildConfiguration;
			buildSettings = {
				ASSETCATALOG_COMPILER_APPICON_NAME = AppIcon;
				INFOPLIST_FILE = vidproto2/Info.plist;
				LD_RUNPATH_SEARCH_PATHS = "$(inherited) @executable_path/Frameworks";
				PRODUCT_NAME = "$(TARGET_NAME)";
			};
			name = Release;
		};
		E2E0F9F41AA0F86700CDAEB0 /* Debug */ = {
			isa = XCBuildConfiguration;
			buildSettings = {
				BUNDLE_LOADER = "$(TEST_HOST)";
				FRAMEWORK_SEARCH_PATHS = (
					"$(SDKROOT)/Developer/Library/Frameworks",
					"$(inherited)",
				);
				GCC_PREPROCESSOR_DEFINITIONS = (
					"DEBUG=1",
					"$(inherited)",
				);
				INFOPLIST_FILE = vidproto2Tests/Info.plist;
				LD_RUNPATH_SEARCH_PATHS = "$(inherited) @executable_path/Frameworks @loader_path/Frameworks";
				PRODUCT_NAME = "$(TARGET_NAME)";
				TEST_HOST = "$(BUILT_PRODUCTS_DIR)/vidproto2.app/vidproto2";
			};
			name = Debug;
		};
		E2E0F9F51AA0F86700CDAEB0 /* Release */ = {
			isa = XCBuildConfiguration;
			buildSettings = {
				BUNDLE_LOADER = "$(TEST_HOST)";
				FRAMEWORK_SEARCH_PATHS = (
					"$(SDKROOT)/Developer/Library/Frameworks",
					"$(inherited)",
				);
				INFOPLIST_FILE = vidproto2Tests/Info.plist;
				LD_RUNPATH_SEARCH_PATHS = "$(inherited) @executable_path/Frameworks @loader_path/Frameworks";
				PRODUCT_NAME = "$(TARGET_NAME)";
				TEST_HOST = "$(BUILT_PRODUCTS_DIR)/vidproto2.app/vidproto2";
			};
			name = Release;
		};
/* End XCBuildConfiguration section */

/* Begin XCConfigurationList section */
		E2E0F9C81AA0F86600CDAEB0 /* Build configuration list for PBXProject "vidproto2" */ = {
			isa = XCConfigurationList;
			buildConfigurations = (
				E2E0F9EE1AA0F86700CDAEB0 /* Debug */,
				E2E0F9EF1AA0F86700CDAEB0 /* Release */,
			);
			defaultConfigurationIsVisible = 0;
			defaultConfigurationName = Release;
		};
		E2E0F9F01AA0F86700CDAEB0 /* Build configuration list for PBXNativeTarget "vidproto2" */ = {
			isa = XCConfigurationList;
			buildConfigurations = (
				E2E0F9F11AA0F86700CDAEB0 /* Debug */,
				E2E0F9F21AA0F86700CDAEB0 /* Release */,
			);
			defaultConfigurationIsVisible = 0;
			defaultConfigurationName = Release;
		};
		E2E0F9F31AA0F86700CDAEB0 /* Build configuration list for PBXNativeTarget "vidproto2Tests" */ = {
			isa = XCConfigurationList;
			buildConfigurations = (
				E2E0F9F41AA0F86700CDAEB0 /* Debug */,
				E2E0F9F51AA0F86700CDAEB0 /* Release */,
			);
			defaultConfigurationIsVisible = 0;
			defaultConfigurationName = Release;
		};
/* End XCConfigurationList section */
	};
	rootObject = E2E0F9C51AA0F86600CDAEB0 /* Project object */;
}
